
Microsoft Visual Studio Solution File, Format Version 12.00
# Visual Studio Version 17
VisualStudioVersion = 17.2.32616.157
MinimumVisualStudioVersion = 10.0.40219.1
Project("{FAE04EC0-301F-11D3-BF4B-00C04F79EFBC}") = "CH9PayrollCategoriesStruct", "CH9PayrollCategoriesStruct\CH9PayrollCategoriesStruct.csproj", "{EDB2E2EC-67FE-4999-9DFE-351D6B093247}"
EndProject
Global
	GlobalSection(SolutionConfigurationPlatforms) = preSolution
		Debug|Any CPU = Debug|Any CPU
		Release|Any CPU = Release|Any CPU
	EndGlobalSection
	GlobalSection(ProjectConfigurationPlatforms) = postSolution
		{EDB2E2EC-67FE-4999-9DFE-351D6B093247}.Debug|Any CPU.ActiveCfg = Debug|Any CPU
		{EDB2E2EC-67FE-4999-9DFE-351D6B093247}.Debug|Any CPU.Build.0 = Debug|Any CPU
		{EDB2E2EC-67FE-4999-9DFE-351D6B093247}.Release|Any CPU.ActiveCfg = Release|Any CPU
		{EDB2E2EC-67FE-4999-9DFE-351D6B093247}.Release|Any CPU.Build.0 = Release|Any CPU
	EndGlobalSection
	GlobalSection(SolutionProperties) = preSolution
		HideSolutionNode = FALSE
	EndGlobalSection
	GlobalSection(ExtensibilityGlobals) = postSolution
		SolutionGuid = {2D6C9501-2A11-4D38-9A87-717B588EC31E}
	EndGlobalSection
EndGlobal
