
Microsoft Visual Studio Solution File, Format Version 12.00
# Visual Studio Version 17
VisualStudioVersion = 17.2.32616.157
MinimumVisualStudioVersion = 10.0.40219.1
Project("{FAE04EC0-301F-11D3-BF4B-00C04F79EFBC}") = "M3CompetencyPurchases", "M3CompetencyPurchases\M3CompetencyPurchases.csproj", "{89AF4C34-EB82-4A4B-B726-9CC3A59D5EB5}"
EndProject
Global
	GlobalSection(SolutionConfigurationPlatforms) = preSolution
		Debug|Any CPU = Debug|Any CPU
		Release|Any CPU = Release|Any CPU
	EndGlobalSection
	GlobalSection(ProjectConfigurationPlatforms) = postSolution
		{89AF4C34-EB82-4A4B-B726-9CC3A59D5EB5}.Debug|Any CPU.ActiveCfg = Debug|Any CPU
		{89AF4C34-EB82-4A4B-B726-9CC3A59D5EB5}.Debug|Any CPU.Build.0 = Debug|Any CPU
		{89AF4C34-EB82-4A4B-B726-9CC3A59D5EB5}.Release|Any CPU.ActiveCfg = Release|Any CPU
		{89AF4C34-EB82-4A4B-B726-9CC3A59D5EB5}.Release|Any CPU.Build.0 = Release|Any CPU
	EndGlobalSection
	GlobalSection(SolutionProperties) = preSolution
		HideSolutionNode = FALSE
	EndGlobalSection
	GlobalSection(ExtensibilityGlobals) = postSolution
		SolutionGuid = {CB768D35-D2BA-4E11-807A-B1D9B1396B57}
	EndGlobalSection
EndGlobal
