
Microsoft Visual Studio Solution File, Format Version 12.00
# Visual Studio Version 16
VisualStudioVersion = 25.0.1700.4
MinimumVisualStudioVersion = 10.0.40219.1
Project("{FAE04EC0-301F-11D3-BF4B-00C04F79EFBC}") = "CH7CashRegister", "CH7CashRegister\CH7CashRegister.csproj", "{18FE98E1-A3C6-42F1-AC39-0939687A8F56}"
EndProject
Global
	GlobalSection(SolutionConfigurationPlatforms) = preSolution
		Debug|Any CPU = Debug|Any CPU
		Release|Any CPU = Release|Any CPU
	EndGlobalSection
	GlobalSection(ProjectConfigurationPlatforms) = postSolution
		{18FE98E1-A3C6-42F1-AC39-0939687A8F56}.Debug|Any CPU.ActiveCfg = Debug|Any CPU
		{18FE98E1-A3C6-42F1-AC39-0939687A8F56}.Debug|Any CPU.Build.0 = Debug|Any CPU
		{18FE98E1-A3C6-42F1-AC39-0939687A8F56}.Release|Any CPU.ActiveCfg = Release|Any CPU
		{18FE98E1-A3C6-42F1-AC39-0939687A8F56}.Release|Any CPU.Build.0 = Release|Any CPU
	EndGlobalSection
	GlobalSection(SolutionProperties) = preSolution
		HideSolutionNode = FALSE
	EndGlobalSection
	GlobalSection(ExtensibilityGlobals) = postSolution
		SolutionGuid = {41A7A86F-DCB1-4DD2-B70D-C137E5D78C8F}
	EndGlobalSection
EndGlobal
