
Microsoft Visual Studio Solution File, Format Version 12.00
# Visual Studio Version 16
VisualStudioVersion = 25.0.1700.7
MinimumVisualStudioVersion = 10.0.40219.1
Project("{FAE04EC0-301F-11D3-BF4B-00C04F79EFBC}") = "CH11SalesQuotas", "CH11SalesQuotas.csproj", "{3A93B25D-6CE2-4EC7-9272-577FAEAA35D4}"
EndProject
Global
	GlobalSection(SolutionConfigurationPlatforms) = preSolution
		Debug|Any CPU = Debug|Any CPU
		Release|Any CPU = Release|Any CPU
	EndGlobalSection
	GlobalSection(ProjectConfigurationPlatforms) = postSolution
		{3A93B25D-6CE2-4EC7-9272-577FAEAA35D4}.Debug|Any CPU.ActiveCfg = Debug|Any CPU
		{3A93B25D-6CE2-4EC7-9272-577FAEAA35D4}.Debug|Any CPU.Build.0 = Debug|Any CPU
		{3A93B25D-6CE2-4EC7-9272-577FAEAA35D4}.Release|Any CPU.ActiveCfg = Release|Any CPU
		{3A93B25D-6CE2-4EC7-9272-577FAEAA35D4}.Release|Any CPU.Build.0 = Release|Any CPU
	EndGlobalSection
	GlobalSection(SolutionProperties) = preSolution
		HideSolutionNode = FALSE
	EndGlobalSection
	GlobalSection(ExtensibilityGlobals) = postSolution
		SolutionGuid = {86D0703C-F373-40B4-BAA5-9B7CB2517452}
	EndGlobalSection
EndGlobal
