
Microsoft Visual Studio Solution File, Format Version 12.00
# Visual Studio Version 16
VisualStudioVersion = 25.0.1700.7
MinimumVisualStudioVersion = 10.0.40219.1
Project("{FAE04EC0-301F-11D3-BF4B-00C04F79EFBC}") = "CH13BankAccounts", "CH13BankAccounts.csproj", "{125F4C44-6283-4A60-B8E2-DCA0E95C3575}"
EndProject
Global
	GlobalSection(SolutionConfigurationPlatforms) = preSolution
		Debug|Any CPU = Debug|Any CPU
		Release|Any CPU = Release|Any CPU
	EndGlobalSection
	GlobalSection(ProjectConfigurationPlatforms) = postSolution
		{125F4C44-6283-4A60-B8E2-DCA0E95C3575}.Debug|Any CPU.ActiveCfg = Debug|Any CPU
		{125F4C44-6283-4A60-B8E2-DCA0E95C3575}.Debug|Any CPU.Build.0 = Debug|Any CPU
		{125F4C44-6283-4A60-B8E2-DCA0E95C3575}.Release|Any CPU.ActiveCfg = Release|Any CPU
		{125F4C44-6283-4A60-B8E2-DCA0E95C3575}.Release|Any CPU.Build.0 = Release|Any CPU
	EndGlobalSection
	GlobalSection(SolutionProperties) = preSolution
		HideSolutionNode = FALSE
	EndGlobalSection
	GlobalSection(ExtensibilityGlobals) = postSolution
		SolutionGuid = {D1463F3F-2906-4928-89E9-D3154307C251}
	EndGlobalSection
EndGlobal
