
Microsoft Visual Studio Solution File, Format Version 12.00
# Visual Studio Version 17
VisualStudioVersion = 17.2.32616.157
MinimumVisualStudioVersion = 10.0.40219.1
Project("{FAE04EC0-301F-11D3-BF4B-00C04F79EFBC}") = "Module4Competency", "Module4Competency\Module4Competency.csproj", "{ED33BB87-E893-49FD-A32D-AFE94ED15D50}"
EndProject
Global
	GlobalSection(SolutionConfigurationPlatforms) = preSolution
		Debug|Any CPU = Debug|Any CPU
		Release|Any CPU = Release|Any CPU
	EndGlobalSection
	GlobalSection(ProjectConfigurationPlatforms) = postSolution
		{ED33BB87-E893-49FD-A32D-AFE94ED15D50}.Debug|Any CPU.ActiveCfg = Debug|Any CPU
		{ED33BB87-E893-49FD-A32D-AFE94ED15D50}.Debug|Any CPU.Build.0 = Debug|Any CPU
		{ED33BB87-E893-49FD-A32D-AFE94ED15D50}.Release|Any CPU.ActiveCfg = Release|Any CPU
		{ED33BB87-E893-49FD-A32D-AFE94ED15D50}.Release|Any CPU.Build.0 = Release|Any CPU
	EndGlobalSection
	GlobalSection(SolutionProperties) = preSolution
		HideSolutionNode = FALSE
	EndGlobalSection
	GlobalSection(ExtensibilityGlobals) = postSolution
		SolutionGuid = {D6BB8973-0465-4A69-8768-AF23BAD7D8D7}
	EndGlobalSection
EndGlobal
