
Microsoft Visual Studio Solution File, Format Version 12.00
# Visual Studio Version 16
VisualStudioVersion = 25.0.1700.7
MinimumVisualStudioVersion = 10.0.40219.1
Project("{FAE04EC0-301F-11D3-BF4B-00C04F79EFBC}") = "M5CompetencyAwardsProcessing", "M5CompetencyAwardsProcessing.csproj", "{6681BDD7-F1BA-44F6-AC4B-CBF77A69B34F}"
EndProject
Global
	GlobalSection(SolutionConfigurationPlatforms) = preSolution
		Debug|Any CPU = Debug|Any CPU
		Release|Any CPU = Release|Any CPU
	EndGlobalSection
	GlobalSection(ProjectConfigurationPlatforms) = postSolution
		{6681BDD7-F1BA-44F6-AC4B-CBF77A69B34F}.Debug|Any CPU.ActiveCfg = Debug|Any CPU
		{6681BDD7-F1BA-44F6-AC4B-CBF77A69B34F}.Debug|Any CPU.Build.0 = Debug|Any CPU
		{6681BDD7-F1BA-44F6-AC4B-CBF77A69B34F}.Release|Any CPU.ActiveCfg = Release|Any CPU
		{6681BDD7-F1BA-44F6-AC4B-CBF77A69B34F}.Release|Any CPU.Build.0 = Release|Any CPU
	EndGlobalSection
	GlobalSection(SolutionProperties) = preSolution
		HideSolutionNode = FALSE
	EndGlobalSection
	GlobalSection(ExtensibilityGlobals) = postSolution
		SolutionGuid = {E6F5A65E-2E9B-4EA0-80C5-BD44718B2F35}
	EndGlobalSection
EndGlobal
