
Microsoft Visual Studio Solution File, Format Version 12.00
# Visual Studio Version 17
VisualStudioVersion = 17.2.32616.157
MinimumVisualStudioVersion = 10.0.40219.1
Project("{FAE04EC0-301F-11D3-BF4B-00C04F79EFBC}") = "SnackStand", "SnackStand\SnackStand.csproj", "{B74B58C2-3E09-43E1-AB2C-696A8344805B}"
EndProject
Global
	GlobalSection(SolutionConfigurationPlatforms) = preSolution
		Debug|ARM = Debug|ARM
		Debug|ARM64 = Debug|ARM64
		Debug|x64 = Debug|x64
		Debug|x86 = Debug|x86
		Release|ARM = Release|ARM
		Release|ARM64 = Release|ARM64
		Release|x64 = Release|x64
		Release|x86 = Release|x86
	EndGlobalSection
	GlobalSection(ProjectConfigurationPlatforms) = postSolution
		{B74B58C2-3E09-43E1-AB2C-696A8344805B}.Debug|ARM.ActiveCfg = Debug|ARM
		{B74B58C2-3E09-43E1-AB2C-696A8344805B}.Debug|ARM.Build.0 = Debug|ARM
		{B74B58C2-3E09-43E1-AB2C-696A8344805B}.Debug|ARM.Deploy.0 = Debug|ARM
		{B74B58C2-3E09-43E1-AB2C-696A8344805B}.Debug|ARM64.ActiveCfg = Debug|ARM64
		{B74B58C2-3E09-43E1-AB2C-696A8344805B}.Debug|ARM64.Build.0 = Debug|ARM64
		{B74B58C2-3E09-43E1-AB2C-696A8344805B}.Debug|ARM64.Deploy.0 = Debug|ARM64
		{B74B58C2-3E09-43E1-AB2C-696A8344805B}.Debug|x64.ActiveCfg = Debug|x64
		{B74B58C2-3E09-43E1-AB2C-696A8344805B}.Debug|x64.Build.0 = Debug|x64
		{B74B58C2-3E09-43E1-AB2C-696A8344805B}.Debug|x64.Deploy.0 = Debug|x64
		{B74B58C2-3E09-43E1-AB2C-696A8344805B}.Debug|x86.ActiveCfg = Debug|x86
		{B74B58C2-3E09-43E1-AB2C-696A8344805B}.Debug|x86.Build.0 = Debug|x86
		{B74B58C2-3E09-43E1-AB2C-696A8344805B}.Debug|x86.Deploy.0 = Debug|x86
		{B74B58C2-3E09-43E1-AB2C-696A8344805B}.Release|ARM.ActiveCfg = Release|ARM
		{B74B58C2-3E09-43E1-AB2C-696A8344805B}.Release|ARM.Build.0 = Release|ARM
		{B74B58C2-3E09-43E1-AB2C-696A8344805B}.Release|ARM.Deploy.0 = Release|ARM
		{B74B58C2-3E09-43E1-AB2C-696A8344805B}.Release|ARM64.ActiveCfg = Release|ARM64
		{B74B58C2-3E09-43E1-AB2C-696A8344805B}.Release|ARM64.Build.0 = Release|ARM64
		{B74B58C2-3E09-43E1-AB2C-696A8344805B}.Release|ARM64.Deploy.0 = Release|ARM64
		{B74B58C2-3E09-43E1-AB2C-696A8344805B}.Release|x64.ActiveCfg = Release|x64
		{B74B58C2-3E09-43E1-AB2C-696A8344805B}.Release|x64.Build.0 = Release|x64
		{B74B58C2-3E09-43E1-AB2C-696A8344805B}.Release|x64.Deploy.0 = Release|x64
		{B74B58C2-3E09-43E1-AB2C-696A8344805B}.Release|x86.ActiveCfg = Release|x86
		{B74B58C2-3E09-43E1-AB2C-696A8344805B}.Release|x86.Build.0 = Release|x86
		{B74B58C2-3E09-43E1-AB2C-696A8344805B}.Release|x86.Deploy.0 = Release|x86
	EndGlobalSection
	GlobalSection(SolutionProperties) = preSolution
		HideSolutionNode = FALSE
	EndGlobalSection
	GlobalSection(ExtensibilityGlobals) = postSolution
		SolutionGuid = {876A1C2C-FA13-4AEC-8710-D111C2D69D57}
	EndGlobalSection
EndGlobal
